
Microsoft Visual Studio Solution File, Format Version 12.00
# Visual Studio Version 17
VisualStudioVersion = 17.0.32112.339
MinimumVisualStudioVersion = 10.0.40219.1
Project("{FAE04EC0-301F-11D3-BF4B-00C04F79EFBC}") = "PROG2070_A2_Armando_Interaminense", "PROG2070_A2_Armando_Interaminense\PROG2070_A2_Armando_Interaminense.csproj", "{D0A3C4D6-9352-48B3-B84C-6C22D7A44AE7}"
EndProject
Project("{FAE04EC0-301F-11D3-BF4B-00C04F79EFBC}") = "RectangleTest", "RectangleTest\RectangleTest.csproj", "{38704F61-EDFB-41C6-8916-DC2215BF037A}"
EndProject
Global
	GlobalSection(SolutionConfigurationPlatforms) = preSolution
		Debug|Any CPU = Debug|Any CPU
		Release|Any CPU = Release|Any CPU
	EndGlobalSection
	GlobalSection(ProjectConfigurationPlatforms) = postSolution
		{D0A3C4D6-9352-48B3-B84C-6C22D7A44AE7}.Debug|Any CPU.ActiveCfg = Debug|Any CPU
		{D0A3C4D6-9352-48B3-B84C-6C22D7A44AE7}.Debug|Any CPU.Build.0 = Debug|Any CPU
		{D0A3C4D6-9352-48B3-B84C-6C22D7A44AE7}.Release|Any CPU.ActiveCfg = Release|Any CPU
		{D0A3C4D6-9352-48B3-B84C-6C22D7A44AE7}.Release|Any CPU.Build.0 = Release|Any CPU
		{38704F61-EDFB-41C6-8916-DC2215BF037A}.Debug|Any CPU.ActiveCfg = Debug|Any CPU
		{38704F61-EDFB-41C6-8916-DC2215BF037A}.Debug|Any CPU.Build.0 = Debug|Any CPU
		{38704F61-EDFB-41C6-8916-DC2215BF037A}.Release|Any CPU.ActiveCfg = Release|Any CPU
		{38704F61-EDFB-41C6-8916-DC2215BF037A}.Release|Any CPU.Build.0 = Release|Any CPU
	EndGlobalSection
	GlobalSection(SolutionProperties) = preSolution
		HideSolutionNode = FALSE
	EndGlobalSection
	GlobalSection(ExtensibilityGlobals) = postSolution
		SolutionGuid = {AC8EEB8B-5088-4E0E-925E-01CD64E2A439}
	EndGlobalSection
EndGlobal
